
Microsoft Visual Studio Solution File, Format Version 12.00
# Visual Studio Version 16
VisualStudioVersion = 16.0.30503.244
MinimumVisualStudioVersion = 10.0.40219.1
Project("{FAE04EC0-301F-11D3-BF4B-00C04F79EFBC}") = "DisgaeaPatcher", "DisgaeaPatcher\DisgaeaPatcher.csproj", "{5610B948-30ED-4E15-A314-D459758E3688}"
EndProject
Project("{FAE04EC0-301F-11D3-BF4B-00C04F79EFBC}") = "DisgaeaPatcher.Core", "DisgaeaPatcher.Core\DisgaeaPatcher.Core.csproj", "{9EE177F7-9CE3-4E38-AA1B-08A6DB6F8900}"
EndProject
Global
	GlobalSection(SolutionConfigurationPlatforms) = preSolution
		Debug|Any CPU = Debug|Any CPU
		Release|Any CPU = Release|Any CPU
	EndGlobalSection
	GlobalSection(ProjectConfigurationPlatforms) = postSolution
		{5610B948-30ED-4E15-A314-D459758E3688}.Debug|Any CPU.ActiveCfg = Debug|Any CPU
		{5610B948-30ED-4E15-A314-D459758E3688}.Debug|Any CPU.Build.0 = Debug|Any CPU
		{5610B948-30ED-4E15-A314-D459758E3688}.Release|Any CPU.ActiveCfg = Release|Any CPU
		{5610B948-30ED-4E15-A314-D459758E3688}.Release|Any CPU.Build.0 = Release|Any CPU
		{9EE177F7-9CE3-4E38-AA1B-08A6DB6F8900}.Debug|Any CPU.ActiveCfg = Debug|Any CPU
		{9EE177F7-9CE3-4E38-AA1B-08A6DB6F8900}.Debug|Any CPU.Build.0 = Debug|Any CPU
		{9EE177F7-9CE3-4E38-AA1B-08A6DB6F8900}.Release|Any CPU.ActiveCfg = Release|Any CPU
		{9EE177F7-9CE3-4E38-AA1B-08A6DB6F8900}.Release|Any CPU.Build.0 = Release|Any CPU
	EndGlobalSection
	GlobalSection(SolutionProperties) = preSolution
		HideSolutionNode = FALSE
	EndGlobalSection
	GlobalSection(ExtensibilityGlobals) = postSolution
		SolutionGuid = {F078B589-1354-48B8-A9CB-99F4C06B947A}
	EndGlobalSection
EndGlobal
